
Microsoft Visual Studio Solution File, Format Version 12.00
# Visual Studio Version 17
VisualStudioVersion = 17.4.33205.214
MinimumVisualStudioVersion = 10.0.40219.1
Project("{9A19103F-16F7-4668-BE54-9A1E7A4F7556}") = "architecturizr", "architecturizr.csproj", "{19F3DD04-176A-4009-95DC-2D741667D04A}"
EndProject
Project("{9A19103F-16F7-4668-BE54-9A1E7A4F7556}") = "Structurizr.Client", "..\structurizr-dotnet\Structurizr.Client\Structurizr.Client.csproj", "{05971BCC-E10C-4947-9407-660524F47D0B}"
EndProject
Project("{9A19103F-16F7-4668-BE54-9A1E7A4F7556}") = "Structurizr.Core", "..\structurizr-dotnet\Structurizr.Core\Structurizr.Core.csproj", "{DE1A5908-D18F-444D-8EF5-F79C927F5464}"
EndProject
Global
	GlobalSection(SolutionConfigurationPlatforms) = preSolution
		Debug|Any CPU = Debug|Any CPU
		Release|Any CPU = Release|Any CPU
	EndGlobalSection
	GlobalSection(ProjectConfigurationPlatforms) = postSolution
		{19F3DD04-176A-4009-95DC-2D741667D04A}.Debug|Any CPU.ActiveCfg = Debug|Any CPU
		{19F3DD04-176A-4009-95DC-2D741667D04A}.Debug|Any CPU.Build.0 = Debug|Any CPU
		{19F3DD04-176A-4009-95DC-2D741667D04A}.Release|Any CPU.ActiveCfg = Release|Any CPU
		{19F3DD04-176A-4009-95DC-2D741667D04A}.Release|Any CPU.Build.0 = Release|Any CPU
		{05971BCC-E10C-4947-9407-660524F47D0B}.Debug|Any CPU.ActiveCfg = Debug|Any CPU
		{05971BCC-E10C-4947-9407-660524F47D0B}.Debug|Any CPU.Build.0 = Debug|Any CPU
		{05971BCC-E10C-4947-9407-660524F47D0B}.Release|Any CPU.ActiveCfg = Release|Any CPU
		{05971BCC-E10C-4947-9407-660524F47D0B}.Release|Any CPU.Build.0 = Release|Any CPU
		{DE1A5908-D18F-444D-8EF5-F79C927F5464}.Debug|Any CPU.ActiveCfg = Debug|Any CPU
		{DE1A5908-D18F-444D-8EF5-F79C927F5464}.Debug|Any CPU.Build.0 = Debug|Any CPU
		{DE1A5908-D18F-444D-8EF5-F79C927F5464}.Release|Any CPU.ActiveCfg = Release|Any CPU
		{DE1A5908-D18F-444D-8EF5-F79C927F5464}.Release|Any CPU.Build.0 = Release|Any CPU
	EndGlobalSection
	GlobalSection(SolutionProperties) = preSolution
		HideSolutionNode = FALSE
	EndGlobalSection
	GlobalSection(ExtensibilityGlobals) = postSolution
		SolutionGuid = {2D0C3290-FB7F-4F18-93D5-314C3B500BF3}
	EndGlobalSection
EndGlobal
